
Microsoft Visual Studio Solution File, Format Version 12.00
# Visual Studio Version 16
VisualStudioVersion = 16.0.29728.190
MinimumVisualStudioVersion = 10.0.40219.1
Project("{FAE04EC0-301F-11D3-BF4B-00C04F79EFBC}") = "Lab3_C_Sharp", "Lab3_C_Sharp.csproj", "{9308AC33-A825-45E9-A0DD-ECD6A4EEE7F6}"
EndProject
Global
	GlobalSection(SolutionConfigurationPlatforms) = preSolution
		Debug|Any CPU = Debug|Any CPU
		Release|Any CPU = Release|Any CPU
	EndGlobalSection
	GlobalSection(ProjectConfigurationPlatforms) = postSolution
		{9308AC33-A825-45E9-A0DD-ECD6A4EEE7F6}.Debug|Any CPU.ActiveCfg = Debug|Any CPU
		{9308AC33-A825-45E9-A0DD-ECD6A4EEE7F6}.Debug|Any CPU.Build.0 = Debug|Any CPU
		{9308AC33-A825-45E9-A0DD-ECD6A4EEE7F6}.Release|Any CPU.ActiveCfg = Release|Any CPU
		{9308AC33-A825-45E9-A0DD-ECD6A4EEE7F6}.Release|Any CPU.Build.0 = Release|Any CPU
	EndGlobalSection
	GlobalSection(SolutionProperties) = preSolution
		HideSolutionNode = FALSE
	EndGlobalSection
	GlobalSection(ExtensibilityGlobals) = postSolution
		SolutionGuid = {67BF08BF-929C-4A04-8C93-A86EBEDC3825}
	EndGlobalSection
EndGlobal
