
Microsoft Visual Studio Solution File, Format Version 12.00
# Visual Studio Version 16
VisualStudioVersion = 16.0.29728.190
MinimumVisualStudioVersion = 10.0.40219.1
Project("{8BC9CEB8-8B4A-11D0-8D11-00A0C91BC942}") = "Lab8_C++", "Lab8_C++.vcxproj", "{95054666-1260-44D9-BEB3-EDEFDB15302A}"
EndProject
Global
	GlobalSection(SolutionConfigurationPlatforms) = preSolution
		Debug|x64 = Debug|x64
		Debug|x86 = Debug|x86
		Release|x64 = Release|x64
		Release|x86 = Release|x86
	EndGlobalSection
	GlobalSection(ProjectConfigurationPlatforms) = postSolution
		{95054666-1260-44D9-BEB3-EDEFDB15302A}.Debug|x64.ActiveCfg = Debug|x64
		{95054666-1260-44D9-BEB3-EDEFDB15302A}.Debug|x64.Build.0 = Debug|x64
		{95054666-1260-44D9-BEB3-EDEFDB15302A}.Debug|x86.ActiveCfg = Debug|Win32
		{95054666-1260-44D9-BEB3-EDEFDB15302A}.Debug|x86.Build.0 = Debug|Win32
		{95054666-1260-44D9-BEB3-EDEFDB15302A}.Release|x64.ActiveCfg = Release|x64
		{95054666-1260-44D9-BEB3-EDEFDB15302A}.Release|x64.Build.0 = Release|x64
		{95054666-1260-44D9-BEB3-EDEFDB15302A}.Release|x86.ActiveCfg = Release|Win32
		{95054666-1260-44D9-BEB3-EDEFDB15302A}.Release|x86.Build.0 = Release|Win32
	EndGlobalSection
	GlobalSection(SolutionProperties) = preSolution
		HideSolutionNode = FALSE
	EndGlobalSection
	GlobalSection(ExtensibilityGlobals) = postSolution
		SolutionGuid = {71B8FDE4-2BCE-4F09-B14C-813C87BD6956}
	EndGlobalSection
EndGlobal
